# This file is autogenerated, do not edit; changes may be undone by the next 'dep ensure'.


[[projects]]
  branch = "master"
  digest = "1:7440ba4b66d5ad11c42cabcf8468cab40a1a5f5dbfe3285b8c67ac5a15e12e8b"
  name = "github.com/jjeffery/kv"
  packages = ["."]
  pruneopts = ""
  revision = "049b676374d81806149db59be28eb95f213c631a"

[solve-meta]
  analyzer-name = "dep"
  analyzer-version = 1
  input-imports = ["github.com/jjeffery/kv"]
  solver-name = "gps-cdcl"
  solver-version = 1
